// !$*UTF8*$!
{
	archiveVersion = 1;
	classes = {
	};
	objectVersion = 46;
	objects = {

/* Begin PBXBuildFile section */
		B6E032411EA1125B008D60EC /* AppDelegate.swift in Sources */ = {isa = PBXBuildFile; fileRef = B6E032401EA1125B008D60EC /* AppDelegate.swift */; };
		B6E032431EA1125B008D60EC /* ViewController.swift in Sources */ = {isa = PBXBuildFile; fileRef = B6E032421EA1125B008D60EC /* ViewController.swift */; };
		B6E032461EA1125B008D60EC /* Main.storyboard in Resources */ = {isa = PBXBuildFile; fileRef = B6E032441EA1125B008D60EC /* Main.storyboard */; };
		B6E032481EA1125B008D60EC /* Assets.xcassets in Resources */ = {isa = PBXBuildFile; fileRef = B6E032471EA1125B008D60EC /* Assets.xcassets */; };
		B6E0324B1EA1125B008D60EC /* LaunchScreen.storyboard in Resources */ = {isa = PBXBuildFile; fileRef = B6E032491EA1125B008D60EC /* LaunchScreen.storyboard */; };
		B6E032561EA1125B008D60EC /* EYCircularSliderTests.swift in Sources */ = {isa = PBXBuildFile; fileRef = B6E032551EA1125B008D60EC /* EYCircularSliderTests.swift */; };
		B6E032611EA1125B008D60EC /* EYCircularSliderUITests.swift in Sources */ = {isa = PBXBuildFile; fileRef = B6E032601EA1125B008D60EC /* EYCircularSliderUITests.swift */; };
		B6E0326F1EA112B0008D60EC /* CustomProgressBar.xib in Resources */ = {isa = PBXBuildFile; fileRef = B6E0326E1EA112B0008D60EC /* CustomProgressBar.xib */; };
		B6E032731EA244F1008D60EC /* Extensions.swift in Sources */ = {isa = PBXBuildFile; fileRef = B6E032721EA244F1008D60EC /* Extensions.swift */; };
		B6EFCC471EA25E9A00F3BA11 /* CustomProgressBar.swift in Sources */ = {isa = PBXBuildFile; fileRef = B6EFCC461EA25E9A00F3BA11 /* CustomProgressBar.swift */; };
/* End PBXBuildFile section */

/* Begin PBXContainerItemProxy section */
		B6E032521EA1125B008D60EC /* PBXContainerItemProxy */ = {
			isa = PBXContainerItemProxy;
			containerPortal = B6E032351EA1125B008D60EC /* Project object */;
			proxyType = 1;
			remoteGlobalIDString = B6E0323C1EA1125B008D60EC;
			remoteInfo = EYCircularSlider;
		};
		B6E0325D1EA1125B008D60EC /* PBXContainerItemProxy */ = {
			isa = PBXContainerItemProxy;
			containerPortal = B6E032351EA1125B008D60EC /* Project object */;
			proxyType = 1;
			remoteGlobalIDString = B6E0323C1EA1125B008D60EC;
			remoteInfo = EYCircularSlider;
		};
/* End PBXContainerItemProxy section */

/* Begin PBXFileReference section */
		B6E0323D1EA1125B008D60EC /* EYProgressBar.app */ = {isa = PBXFileReference; explicitFileType = wrapper.application; includeInIndex = 0; path = EYProgressBar.app; sourceTree = BUILT_PRODUCTS_DIR; };
		B6E032401EA1125B008D60EC /* AppDelegate.swift */ = {isa = PBXFileReference; lastKnownFileType = sourcecode.swift; path = AppDelegate.swift; sourceTree = "<group>"; };
		B6E032421EA1125B008D60EC /* ViewController.swift */ = {isa = PBXFileReference; lastKnownFileType = sourcecode.swift; path = ViewController.swift; sourceTree = "<group>"; };
		B6E032451EA1125B008D60EC /* Base */ = {isa = PBXFileReference; lastKnownFileType = file.storyboard; name = Base; path = Base.lproj/Main.storyboard; sourceTree = "<group>"; };
		B6E032471EA1125B008D60EC /* Assets.xcassets */ = {isa = PBXFileReference; lastKnownFileType = folder.assetcatalog; path = Assets.xcassets; sourceTree = "<group>"; };
		B6E0324A1EA1125B008D60EC /* Base */ = {isa = PBXFileReference; lastKnownFileType = file.storyboard; name = Base; path = Base.lproj/LaunchScreen.storyboard; sourceTree = "<group>"; };
		B6E0324C1EA1125B008D60EC /* Info.plist */ = {isa = PBXFileReference; lastKnownFileType = text.plist.xml; path = Info.plist; sourceTree = "<group>"; };
		B6E032511EA1125B008D60EC /* EYProgressBarTests.xctest */ = {isa = PBXFileReference; explicitFileType = wrapper.cfbundle; includeInIndex = 0; path = EYProgressBarTests.xctest; sourceTree = BUILT_PRODUCTS_DIR; };
		B6E032551EA1125B008D60EC /* EYCircularSliderTests.swift */ = {isa = PBXFileReference; lastKnownFileType = sourcecode.swift; path = EYCircularSliderTests.swift; sourceTree = "<group>"; };
		B6E032571EA1125B008D60EC /* Info.plist */ = {isa = PBXFileReference; lastKnownFileType = text.plist.xml; path = Info.plist; sourceTree = "<group>"; };
		B6E0325C1EA1125B008D60EC /* EYProgressBarUITests.xctest */ = {isa = PBXFileReference; explicitFileType = wrapper.cfbundle; includeInIndex = 0; path = EYProgressBarUITests.xctest; sourceTree = BUILT_PRODUCTS_DIR; };
		B6E032601EA1125B008D60EC /* EYCircularSliderUITests.swift */ = {isa = PBXFileReference; lastKnownFileType = sourcecode.swift; path = EYCircularSliderUITests.swift; sourceTree = "<group>"; };
		B6E032621EA1125B008D60EC /* Info.plist */ = {isa = PBXFileReference; lastKnownFileType = text.plist.xml; path = Info.plist; sourceTree = "<group>"; };
		B6E0326E1EA112B0008D60EC /* CustomProgressBar.xib */ = {isa = PBXFileReference; fileEncoding = 4; lastKnownFileType = file.xib; path = CustomProgressBar.xib; sourceTree = "<group>"; };
		B6E032721EA244F1008D60EC /* Extensions.swift */ = {isa = PBXFileReference; fileEncoding = 4; lastKnownFileType = sourcecode.swift; path = Extensions.swift; sourceTree = "<group>"; };
		B6EFCC461EA25E9A00F3BA11 /* CustomProgressBar.swift */ = {isa = PBXFileReference; fileEncoding = 4; lastKnownFileType = sourcecode.swift; path = CustomProgressBar.swift; sourceTree = "<group>"; };
/* End PBXFileReference section */

/* Begin PBXFrameworksBuildPhase section */
		B6E0323A1EA1125B008D60EC /* Frameworks */ = {
			isa = PBXFrameworksBuildPhase;
			buildActionMask = 2147483647;
			files = (
			);
			runOnlyForDeploymentPostprocessing = 0;
		};
		B6E0324E1EA1125B008D60EC /* Frameworks */ = {
			isa = PBXFrameworksBuildPhase;
			buildActionMask = 2147483647;
			files = (
			);
			runOnlyForDeploymentPostprocessing = 0;
		};
		B6E032591EA1125B008D60EC /* Frameworks */ = {
			isa = PBXFrameworksBuildPhase;
			buildActionMask = 2147483647;
			files = (
			);
			runOnlyForDeploymentPostprocessing = 0;
		};
/* End PBXFrameworksBuildPhase section */

/* Begin PBXGroup section */
		B6E032341EA1125B008D60EC = {
			isa = PBXGroup;
			children = (
				B6E0323F1EA1125B008D60EC /* EYProgressBar */,
				B6E032541EA1125B008D60EC /* EYCircularSliderTests */,
				B6E0325F1EA1125B008D60EC /* EYCircularSliderUITests */,
				B6E0323E1EA1125B008D60EC /* Products */,
			);
			sourceTree = "<group>";
		};
		B6E0323E1EA1125B008D60EC /* Products */ = {
			isa = PBXGroup;
			children = (
				B6E0323D1EA1125B008D60EC /* EYProgressBar.app */,
				B6E032511EA1125B008D60EC /* EYProgressBarTests.xctest */,
				B6E0325C1EA1125B008D60EC /* EYProgressBarUITests.xctest */,
			);
			name = Products;
			sourceTree = "<group>";
		};
		B6E0323F1EA1125B008D60EC /* EYProgressBar */ = {
			isa = PBXGroup;
			children = (
				B6E032401EA1125B008D60EC /* AppDelegate.swift */,
				B6E032421EA1125B008D60EC /* ViewController.swift */,
				B6E032441EA1125B008D60EC /* Main.storyboard */,
				B6E032471EA1125B008D60EC /* Assets.xcassets */,
				B6E032491EA1125B008D60EC /* LaunchScreen.storyboard */,
				B6E0324C1EA1125B008D60EC /* Info.plist */,
				B6EFCC461EA25E9A00F3BA11 /* CustomProgressBar.swift */,
				B6E0326E1EA112B0008D60EC /* CustomProgressBar.xib */,
				B6E032721EA244F1008D60EC /* Extensions.swift */,
			);
			path = EYProgressBar;
			sourceTree = "<group>";
		};
		B6E032541EA1125B008D60EC /* EYCircularSliderTests */ = {
			isa = PBXGroup;
			children = (
				B6E032551EA1125B008D60EC /* EYCircularSliderTests.swift */,
				B6E032571EA1125B008D60EC /* Info.plist */,
			);
			path = EYCircularSliderTests;
			sourceTree = "<group>";
		};
		B6E0325F1EA1125B008D60EC /* EYCircularSliderUITests */ = {
			isa = PBXGroup;
			children = (
				B6E032601EA1125B008D60EC /* EYCircularSliderUITests.swift */,
				B6E032621EA1125B008D60EC /* Info.plist */,
			);
			path = EYCircularSliderUITests;
			sourceTree = "<group>";
		};
/* End PBXGroup section */

/* Begin PBXNativeTarget section */
		B6E0323C1EA1125B008D60EC /* EYProgressBar */ = {
			isa = PBXNativeTarget;
			buildConfigurationList = B6E032651EA1125B008D60EC /* Build configuration list for PBXNativeTarget "EYProgressBar" */;
			buildPhases = (
				B6E032391EA1125B008D60EC /* Sources */,
				B6E0323A1EA1125B008D60EC /* Frameworks */,
				B6E0323B1EA1125B008D60EC /* Resources */,
			);
			buildRules = (
			);
			dependencies = (
			);
			name = EYProgressBar;
			productName = EYCircularSlider;
			productReference = B6E0323D1EA1125B008D60EC /* EYProgressBar.app */;
			productType = "com.apple.product-type.application";
		};
		B6E032501EA1125B008D60EC /* EYProgressBarTests */ = {
			isa = PBXNativeTarget;
			buildConfigurationList = B6E032681EA1125B008D60EC /* Build configuration list for PBXNativeTarget "EYProgressBarTests" */;
			buildPhases = (
				B6E0324D1EA1125B008D60EC /* Sources */,
				B6E0324E1EA1125B008D60EC /* Frameworks */,
				B6E0324F1EA1125B008D60EC /* Resources */,
			);
			buildRules = (
			);
			dependencies = (
				B6E032531EA1125B008D60EC /* PBXTargetDependency */,
			);
			name = EYProgressBarTests;
			productName = EYCircularSliderTests;
			productReference = B6E032511EA1125B008D60EC /* EYProgressBarTests.xctest */;
			productType = "com.apple.product-type.bundle.unit-test";
		};
		B6E0325B1EA1125B008D60EC /* EYProgressBarUITests */ = {
			isa = PBXNativeTarget;
			buildConfigurationList = B6E0326B1EA1125B008D60EC /* Build configuration list for PBXNativeTarget "EYProgressBarUITests" */;
			buildPhases = (
				B6E032581EA1125B008D60EC /* Sources */,
				B6E032591EA1125B008D60EC /* Frameworks */,
				B6E0325A1EA1125B008D60EC /* Resources */,
			);
			buildRules = (
			);
			dependencies = (
				B6E0325E1EA1125B008D60EC /* PBXTargetDependency */,
			);
			name = EYProgressBarUITests;
			productName = EYCircularSliderUITests;
			productReference = B6E0325C1EA1125B008D60EC /* EYProgressBarUITests.xctest */;
			productType = "com.apple.product-type.bundle.ui-testing";
		};
/* End PBXNativeTarget section */

/* Begin PBXProject section */
		B6E032351EA1125B008D60EC /* Project object */ = {
			isa = PBXProject;
			attributes = {
				LastSwiftUpdateCheck = 0810;
				LastUpgradeCheck = 0810;
				ORGANIZATIONNAME = "Etjen Ymeraj";
				TargetAttributes = {
					B6E0323C1EA1125B008D60EC = {
						CreatedOnToolsVersion = 8.1;
						DevelopmentTeam = UZ48MG98NG;
						ProvisioningStyle = Automatic;
					};
					B6E032501EA1125B008D60EC = {
						CreatedOnToolsVersion = 8.1;
						DevelopmentTeam = UZ48MG98NG;
						ProvisioningStyle = Automatic;
						TestTargetID = B6E0323C1EA1125B008D60EC;
					};
					B6E0325B1EA1125B008D60EC = {
						CreatedOnToolsVersion = 8.1;
						DevelopmentTeam = UZ48MG98NG;
						ProvisioningStyle = Automatic;
						TestTargetID = B6E0323C1EA1125B008D60EC;
					};
				};
			};
			buildConfigurationList = B6E032381EA1125B008D60EC /* Build configuration list for PBXProject "EYProgressBar" */;
			compatibilityVersion = "Xcode 3.2";
			developmentRegion = English;
			hasScannedForEncodings = 0;
			knownRegions = (
				en,
				Base,
			);
			mainGroup = B6E032341EA1125B008D60EC;
			productRefGroup = B6E0323E1EA1125B008D60EC /* Products */;
			projectDirPath = "";
			projectRoot = "";
			targets = (
				B6E0323C1EA1125B008D60EC /* EYProgressBar */,
				B6E032501EA1125B008D60EC /* EYProgressBarTests */,
				B6E0325B1EA1125B008D60EC /* EYProgressBarUITests */,
			);
		};
/* End PBXProject section */

/* Begin PBXResourcesBuildPhase section */
		B6E0323B1EA1125B008D60EC /* Resources */ = {
			isa = PBXResourcesBuildPhase;
			buildActionMask = 2147483647;
			files = (
				B6E0326F1EA112B0008D60EC /* CustomProgressBar.xib in Resources */,
				B6E0324B1EA1125B008D60EC /* LaunchScreen.storyboard in Resources */,
				B6E032481EA1125B008D60EC /* Assets.xcassets in Resources */,
				B6E032461EA1125B008D60EC /* Main.storyboard in Resources */,
			);
			runOnlyForDeploymentPostprocessing = 0;
		};
		B6E0324F1EA1125B008D60EC /* Resources */ = {
			isa = PBXResourcesBuildPhase;
			buildActionMask = 2147483647;
			files = (
			);
			runOnlyForDeploymentPostprocessing = 0;
		};
		B6E0325A1EA1125B008D60EC /* Resources */ = {
			isa = PBXResourcesBuildPhase;
			buildActionMask = 2147483647;
			files = (
			);
			runOnlyForDeploymentPostprocessing = 0;
		};
/* End PBXResourcesBuildPhase section */

/* Begin PBXSourcesBuildPhase section */
		B6E032391EA1125B008D60EC /* Sources */ = {
			isa = PBXSourcesBuildPhase;
			buildActionMask = 2147483647;
			files = (
				B6E032431EA1125B008D60EC /* ViewController.swift in Sources */,
				B6E032411EA1125B008D60EC /* AppDelegate.swift in Sources */,
				B6EFCC471EA25E9A00F3BA11 /* CustomProgressBar.swift in Sources */,
				B6E032731EA244F1008D60EC /* Extensions.swift in Sources */,
			);
			runOnlyForDeploymentPostprocessing = 0;
		};
		B6E0324D1EA1125B008D60EC /* Sources */ = {
			isa = PBXSourcesBuildPhase;
			buildActionMask = 2147483647;
			files = (
				B6E032561EA1125B008D60EC /* EYCircularSliderTests.swift in Sources */,
			);
			runOnlyForDeploymentPostprocessing = 0;
		};
		B6E032581EA1125B008D60EC /* Sources */ = {
			isa = PBXSourcesBuildPhase;
			buildActionMask = 2147483647;
			files = (
				B6E032611EA1125B008D60EC /* EYCircularSliderUITests.swift in Sources */,
			);
			runOnlyForDeploymentPostprocessing = 0;
		};
/* End PBXSourcesBuildPhase section */

/* Begin PBXTargetDependency section */
		B6E032531EA1125B008D60EC /* PBXTargetDependency */ = {
			isa = PBXTargetDependency;
			target = B6E0323C1EA1125B008D60EC /* EYProgressBar */;
			targetProxy = B6E032521EA1125B008D60EC /* PBXContainerItemProxy */;
		};
		B6E0325E1EA1125B008D60EC /* PBXTargetDependency */ = {
			isa = PBXTargetDependency;
			target = B6E0323C1EA1125B008D60EC /* EYProgressBar */;
			targetProxy = B6E0325D1EA1125B008D60EC /* PBXContainerItemProxy */;
		};
/* End PBXTargetDependency section */

/* Begin PBXVariantGroup section */
		B6E032441EA1125B008D60EC /* Main.storyboard */ = {
			isa = PBXVariantGroup;
			children = (
				B6E032451EA1125B008D60EC /* Base */,
			);
			name = Main.storyboard;
			sourceTree = "<group>";
		};
		B6E032491EA1125B008D60EC /* LaunchScreen.storyboard */ = {
			isa = PBXVariantGroup;
			children = (
				B6E0324A1EA1125B008D60EC /* Base */,
			);
			name = LaunchScreen.storyboard;
			sourceTree = "<group>";
		};
/* End PBXVariantGroup section */

/* Begin XCBuildConfiguration section */
		B6E032631EA1125B008D60EC /* Debug */ = {
			isa = XCBuildConfiguration;
			buildSettings = {
				ALWAYS_SEARCH_USER_PATHS = NO;
				CLANG_ANALYZER_NONNULL = YES;
				CLANG_CXX_LANGUAGE_STANDARD = "gnu++0x";
				CLANG_CXX_LIBRARY = "libc++";
				CLANG_ENABLE_MODULES = YES;
				CLANG_ENABLE_OBJC_ARC = YES;
				CLANG_WARN_BOOL_CONVERSION = YES;
				CLANG_WARN_CONSTANT_CONVERSION = YES;
				CLANG_WARN_DIRECT_OBJC_ISA_USAGE = YES_ERROR;
				CLANG_WARN_DOCUMENTATION_COMMENTS = YES;
				CLANG_WARN_EMPTY_BODY = YES;
				CLANG_WARN_ENUM_CONVERSION = YES;
				CLANG_WARN_INFINITE_RECURSION = YES;
				CLANG_WARN_INT_CONVERSION = YES;
				CLANG_WARN_OBJC_ROOT_CLASS = YES_ERROR;
				CLANG_WARN_SUSPICIOUS_MOVES = YES;
				CLANG_WARN_UNREACHABLE_CODE = YES;
				CLANG_WARN__DUPLICATE_METHOD_MATCH = YES;
				"CODE_SIGN_IDENTITY[sdk=iphoneos*]" = "iPhone Developer";
				COPY_PHASE_STRIP = NO;
				DEBUG_INFORMATION_FORMAT = dwarf;
				ENABLE_STRICT_OBJC_MSGSEND = YES;
				ENABLE_TESTABILITY = YES;
				GCC_C_LANGUAGE_STANDARD = gnu99;
				GCC_DYNAMIC_NO_PIC = NO;
				GCC_NO_COMMON_BLOCKS = YES;
				GCC_OPTIMIZATION_LEVEL = 0;
				GCC_PREPROCESSOR_DEFINITIONS = (
					"DEBUG=1",
					"$(inherited)",
				);
				GCC_WARN_64_TO_32_BIT_CONVERSION = YES;
				GCC_WARN_ABOUT_RETURN_TYPE = YES_ERROR;
				GCC_WARN_UNDECLARED_SELECTOR = YES;
				GCC_WARN_UNINITIALIZED_AUTOS = YES_AGGRESSIVE;
				GCC_WARN_UNUSED_FUNCTION = YES;
				GCC_WARN_UNUSED_VARIABLE = YES;
				IPHONEOS_DEPLOYMENT_TARGET = 10.1;
				MTL_ENABLE_DEBUG_INFO = YES;
				ONLY_ACTIVE_ARCH = YES;
				SDKROOT = iphoneos;
				SWIFT_ACTIVE_COMPILATION_CONDITIONS = DEBUG;
				SWIFT_OPTIMIZATION_LEVEL = "-Onone";
			};
			name = Debug;
		};
		B6E032641EA1125B008D60EC /* Release */ = {
			isa = XCBuildConfiguration;
			buildSettings = {
				ALWAYS_SEARCH_USER_PATHS = NO;
				CLANG_ANALYZER_NONNULL = YES;
				CLANG_CXX_LANGUAGE_STANDARD = "gnu++0x";
				CLANG_CXX_LIBRARY = "libc++";
				CLANG_ENABLE_MODULES = YES;
				CLANG_ENABLE_OBJC_ARC = YES;
				CLANG_WARN_BOOL_CONVERSION = YES;
				CLANG_WARN_CONSTANT_CONVERSION = YES;
				CLANG_WARN_DIRECT_OBJC_ISA_USAGE = YES_ERROR;
				CLANG_WARN_DOCUMENTATION_COMMENTS = YES;
				CLANG_WARN_EMPTY_BODY = YES;
				CLANG_WARN_ENUM_CONVERSION = YES;
				CLANG_WARN_INFINITE_RECURSION = YES;
				CLANG_WARN_INT_CONVERSION = YES;
				CLANG_WARN_OBJC_ROOT_CLASS = YES_ERROR;
				CLANG_WARN_SUSPICIOUS_MOVES = YES;
				CLANG_WARN_UNREACHABLE_CODE = YES;
				CLANG_WARN__DUPLICATE_METHOD_MATCH = YES;
				"CODE_SIGN_IDENTITY[sdk=iphoneos*]" = "iPhone Developer";
				COPY_PHASE_STRIP = NO;
				DEBUG_INFORMATION_FORMAT = "dwarf-with-dsym";
				ENABLE_NS_ASSERTIONS = NO;
				ENABLE_STRICT_OBJC_MSGSEND = YES;
				GCC_C_LANGUAGE_STANDARD = gnu99;
				GCC_NO_COMMON_BLOCKS = YES;
				GCC_WARN_64_TO_32_BIT_CONVERSION = YES;
				GCC_WARN_ABOUT_RETURN_TYPE = YES_ERROR;
				GCC_WARN_UNDECLARED_SELECTOR = YES;
				GCC_WARN_UNINITIALIZED_AUTOS = YES_AGGRESSIVE;
				GCC_WARN_UNUSED_FUNCTION = YES;
				GCC_WARN_UNUSED_VARIABLE = YES;
				IPHONEOS_DEPLOYMENT_TARGET = 10.1;
				MTL_ENABLE_DEBUG_INFO = NO;
				SDKROOT = iphoneos;
				SWIFT_OPTIMIZATION_LEVEL = "-Owholemodule";
				VALIDATE_PRODUCT = YES;
			};
			name = Release;
		};
		B6E032661EA1125B008D60EC /* Debug */ = {
			isa = XCBuildConfiguration;
			buildSettings = {
				ASSETCATALOG_COMPILER_APPICON_NAME = AppIcon;
				DEVELOPMENT_TEAM = UZ48MG98NG;
				INFOPLIST_FILE = EYProgressBar/Info.plist;
				LD_RUNPATH_SEARCH_PATHS = "$(inherited) @executable_path/Frameworks";
				PRODUCT_BUNDLE_IDENTIFIER = com.etjenymeraj.EYProgressBar;
				PRODUCT_NAME = "$(TARGET_NAME)";
				SWIFT_VERSION = 3.0;
			};
			name = Debug;
		};
		B6E032671EA1125B008D60EC /* Release */ = {
			isa = XCBuildConfiguration;
			buildSettings = {
				ASSETCATALOG_COMPILER_APPICON_NAME = AppIcon;
				DEVELOPMENT_TEAM = UZ48MG98NG;
				INFOPLIST_FILE = EYProgressBar/Info.plist;
				LD_RUNPATH_SEARCH_PATHS = "$(inherited) @executable_path/Frameworks";
				PRODUCT_BUNDLE_IDENTIFIER = com.etjenymeraj.EYProgressBar;
				PRODUCT_NAME = "$(TARGET_NAME)";
				SWIFT_VERSION = 3.0;
			};
			name = Release;
		};
		B6E032691EA1125B008D60EC /* Debug */ = {
			isa = XCBuildConfiguration;
			buildSettings = {
				ALWAYS_EMBED_SWIFT_STANDARD_LIBRARIES = YES;
				BUNDLE_LOADER = "$(TEST_HOST)";
				DEVELOPMENT_TEAM = UZ48MG98NG;
				INFOPLIST_FILE = EYCircularSliderTests/Info.plist;
				LD_RUNPATH_SEARCH_PATHS = "$(inherited) @executable_path/Frameworks @loader_path/Frameworks";
				PRODUCT_BUNDLE_IDENTIFIER = com.etjenymeraj.EYCircularSliderTests;
				PRODUCT_NAME = "$(TARGET_NAME)";
				SWIFT_VERSION = 3.0;
				TEST_HOST = "$(BUILT_PRODUCTS_DIR)/EYProgressBar.app/EYProgressBar";
			};
			name = Debug;
		};
		B6E0326A1EA1125B008D60EC /* Release */ = {
			isa = XCBuildConfiguration;
			buildSettings = {
				ALWAYS_EMBED_SWIFT_STANDARD_LIBRARIES = YES;
				BUNDLE_LOADER = "$(TEST_HOST)";
				DEVELOPMENT_TEAM = UZ48MG98NG;
				INFOPLIST_FILE = EYCircularSliderTests/Info.plist;
				LD_RUNPATH_SEARCH_PATHS = "$(inherited) @executable_path/Frameworks @loader_path/Frameworks";
				PRODUCT_BUNDLE_IDENTIFIER = com.etjenymeraj.EYCircularSliderTests;
				PRODUCT_NAME = "$(TARGET_NAME)";
				SWIFT_VERSION = 3.0;
				TEST_HOST = "$(BUILT_PRODUCTS_DIR)/EYProgressBar.app/EYProgressBar";
			};
			name = Release;
		};
		B6E0326C1EA1125B008D60EC /* Debug */ = {
			isa = XCBuildConfiguration;
			buildSettings = {
				ALWAYS_EMBED_SWIFT_STANDARD_LIBRARIES = YES;
				DEVELOPMENT_TEAM = UZ48MG98NG;
				INFOPLIST_FILE = EYCircularSliderUITests/Info.plist;
				LD_RUNPATH_SEARCH_PATHS = "$(inherited) @executable_path/Frameworks @loader_path/Frameworks";
				PRODUCT_BUNDLE_IDENTIFIER = com.etjenymeraj.EYCircularSliderUITests;
				PRODUCT_NAME = "$(TARGET_NAME)";
				SWIFT_VERSION = 3.0;
				TEST_TARGET_NAME = EYCircularSlider;
			};
			name = Debug;
		};
		B6E0326D1EA1125B008D60EC /* Release */ = {
			isa = XCBuildConfiguration;
			buildSettings = {
				ALWAYS_EMBED_SWIFT_STANDARD_LIBRARIES = YES;
				DEVELOPMENT_TEAM = UZ48MG98NG;
				INFOPLIST_FILE = EYCircularSliderUITests/Info.plist;
				LD_RUNPATH_SEARCH_PATHS = "$(inherited) @executable_path/Frameworks @loader_path/Frameworks";
				PRODUCT_BUNDLE_IDENTIFIER = com.etjenymeraj.EYCircularSliderUITests;
				PRODUCT_NAME = "$(TARGET_NAME)";
				SWIFT_VERSION = 3.0;
				TEST_TARGET_NAME = EYCircularSlider;
			};
			name = Release;
		};
/* End XCBuildConfiguration section */

/* Begin XCConfigurationList section */
		B6E032381EA1125B008D60EC /* Build configuration list for PBXProject "EYProgressBar" */ = {
			isa = XCConfigurationList;
			buildConfigurations = (
				B6E032631EA1125B008D60EC /* Debug */,
				B6E032641EA1125B008D60EC /* Release */,
			);
			defaultConfigurationIsVisible = 0;
			defaultConfigurationName = Release;
		};
		B6E032651EA1125B008D60EC /* Build configuration list for PBXNativeTarget "EYProgressBar" */ = {
			isa = XCConfigurationList;
			buildConfigurations = (
				B6E032661EA1125B008D60EC /* Debug */,
				B6E032671EA1125B008D60EC /* Release */,
			);
			defaultConfigurationIsVisible = 0;
			defaultConfigurationName = Release;
		};
		B6E032681EA1125B008D60EC /* Build configuration list for PBXNativeTarget "EYProgressBarTests" */ = {
			isa = XCConfigurationList;
			buildConfigurations = (
				B6E032691EA1125B008D60EC /* Debug */,
				B6E0326A1EA1125B008D60EC /* Release */,
			);
			defaultConfigurationIsVisible = 0;
			defaultConfigurationName = Release;
		};
		B6E0326B1EA1125B008D60EC /* Build configuration list for PBXNativeTarget "EYProgressBarUITests" */ = {
			isa = XCConfigurationList;
			buildConfigurations = (
				B6E0326C1EA1125B008D60EC /* Debug */,
				B6E0326D1EA1125B008D60EC /* Release */,
			);
			defaultConfigurationIsVisible = 0;
			defaultConfigurationName = Release;
		};
/* End XCConfigurationList section */
	};
	rootObject = B6E032351EA1125B008D60EC /* Project object */;
}
